// !$*UTF8*$!
{
	archiveVersion = 1;
	classes = {
	};
	objectVersion = 52;
	objects = {

/* Begin PBXBuildFile section */
		1A88B2641FC3D9C9005C14AE /* Images.xcassets in Resources */ = {isa = PBXBuildFile; fileRef = 1A88B2631FC3D9C9005C14AE /* Images.xcassets */; };
		1AC6FB30180E99EB004C840B /* libcocos2d iOS.a in Frameworks */ = {isa = PBXBuildFile; fileRef = 1AC6FB07180E9839004C840B /* libcocos2d iOS.a */; platformFilter = ios; };
		1AF87B781F6F77F7007BE51C /* AppController.mm in Sources */ = {isa = PBXBuildFile; fileRef = 1AF87B481F6F77D6007BE51C /* AppController.mm */; };
		1AF87B881F6F781D007BE51C /* LaunchScreen.storyboard in Resources */ = {isa = PBXBuildFile; fileRef = 1AF87B591F6F77D6007BE51C /* LaunchScreen.storyboard */; };
		1AF87B8A1F6F7822007BE51C /* main.m in Sources */ = {isa = PBXBuildFile; fileRef = 1AF87B5B1F6F77D6007BE51C /* main.m */; };
		1AF87B8B1F6F782A007BE51C /* RootViewController.mm in Sources */ = {isa = PBXBuildFile; fileRef = 1AF87B5E1F6F77D6007BE51C /* RootViewController.mm */; };
		1D60589F0D05DD5A006BFB54 /* Foundation.framework in Frameworks */ = {isa = PBXBuildFile; fileRef = 1D30AB110D05D00D00671497 /* Foundation.framework */; };
		1DF5F4E00D08C38300B7A737 /* UIKit.framework in Frameworks */ = {isa = PBXBuildFile; fileRef = 1DF5F4DF0D08C38300B7A737 /* UIKit.framework */; };
		288765A50DF7441C002DB57D /* CoreGraphics.framework in Frameworks */ = {isa = PBXBuildFile; fileRef = 288765A40DF7441C002DB57D /* CoreGraphics.framework */; };
		294D0D641D0D56D500F7F5D4 /* CoreText.framework in Frameworks */ = {isa = PBXBuildFile; fileRef = 294D0D631D0D56D500F7F5D4 /* CoreText.framework */; };
		3EACC98F19EE6D4300EB3C5E /* res in Resources */ = {isa = PBXBuildFile; fileRef = 3EACC98E19EE6D4300EB3C5E /* res */; };
		46880B8819C43A87006E1F66 /* AppDelegate.cpp in Sources */ = {isa = PBXBuildFile; fileRef = 46880B8419C43A87006E1F66 /* AppDelegate.cpp */; };
		521A8EA919F11F5000D177D7 /* fonts in Resources */ = {isa = PBXBuildFile; fileRef = 521A8EA819F11F5000D177D7 /* fonts */; };
		52B47A471A53D09C004E4C60 /* Security.framework in Frameworks */ = {isa = PBXBuildFile; fileRef = 52B47A461A53D09B004E4C60 /* Security.framework */; };
		86586EC62A66676500E3D0F7 /* click_button_sound.mp3 in Resources */ = {isa = PBXBuildFile; fileRef = 86586EC12A66676400E3D0F7 /* click_button_sound.mp3 */; };
		86586EC82A66676500E3D0F7 /* touch_number_sound.mp3 in Resources */ = {isa = PBXBuildFile; fileRef = 86586EC32A66676400E3D0F7 /* touch_number_sound.mp3 */; };
		86586ECA2A66676500E3D0F7 /* increase_number_sound.mp3 in Resources */ = {isa = PBXBuildFile; fileRef = 86586EC52A66676500E3D0F7 /* increase_number_sound.mp3 */; };
		86586ECC2A66749000E3D0F7 /* game_over_sound.mp3 in Resources */ = {isa = PBXBuildFile; fileRef = 86586ECB2A66749000E3D0F7 /* game_over_sound.mp3 */; };
		868A50832A616B2E00B8B54F /* HomeScene.cpp in Sources */ = {isa = PBXBuildFile; fileRef = 868A50812A616B2E00B8B54F /* HomeScene.cpp */; };
		868A50852A61800A00B8B54F /* play_button.png in Resources */ = {isa = PBXBuildFile; fileRef = 868A50842A61800A00B8B54F /* play_button.png */; };
		868A508E2A61AFEC00B8B54F /* guide_icon.png in Resources */ = {isa = PBXBuildFile; fileRef = 868A508D2A61AFEC00B8B54F /* guide_icon.png */; };
		868A50912A61BBEF00B8B54F /* GuideLinePopUpLayer.cpp in Sources */ = {isa = PBXBuildFile; fileRef = 868A508F2A61BBEF00B8B54F /* GuideLinePopUpLayer.cpp */; };
		868A509C2A61F8A900B8B54F /* CallNativeIOSWrapper.mm in Sources */ = {isa = PBXBuildFile; fileRef = 868A509B2A61F8A900B8B54F /* CallNativeIOSWrapper.mm */; };
		868A509F2A61F91100B8B54F /* AdmobIOS.m in Sources */ = {isa = PBXBuildFile; fileRef = 868A509E2A61F91100B8B54F /* AdmobIOS.m */; };
		868A50C52A61F9AB00B8B54F /* nanopb.xcframework in Frameworks */ = {isa = PBXBuildFile; fileRef = 868A50B92A61F9AB00B8B54F /* nanopb.xcframework */; };
		868A50C62A61F9AB00B8B54F /* Promises-LICENSE in Resources */ = {isa = PBXBuildFile; fileRef = 868A50BB2A61F9AB00B8B54F /* Promises-LICENSE */; };
		868A50C72A61F9AB00B8B54F /* NanoPB-LICENSE in Resources */ = {isa = PBXBuildFile; fileRef = 868A50BC2A61F9AB00B8B54F /* NanoPB-LICENSE */; };
		868A50C82A61F9AB00B8B54F /* OpenMeasurement-LICENSE in Resources */ = {isa = PBXBuildFile; fileRef = 868A50BD2A61F9AB00B8B54F /* OpenMeasurement-LICENSE */; };
		868A50C92A61F9AB00B8B54F /* GoogleUtilities-LICENSE in Resources */ = {isa = PBXBuildFile; fileRef = 868A50BE2A61F9AB00B8B54F /* GoogleUtilities-LICENSE */; };
		868A50CA2A61F9AB00B8B54F /* GoogleAppMeasurementIdentitySupport.xcframework in Frameworks */ = {isa = PBXBuildFile; fileRef = 868A50BF2A61F9AB00B8B54F /* GoogleAppMeasurementIdentitySupport.xcframework */; };
		868A50CB2A61F9AB00B8B54F /* UserMessagingPlatform.xcframework in Frameworks */ = {isa = PBXBuildFile; fileRef = 868A50C02A61F9AB00B8B54F /* UserMessagingPlatform.xcframework */; };
		868A50CC2A61F9AB00B8B54F /* GoogleMobileAds.xcframework in Frameworks */ = {isa = PBXBuildFile; fileRef = 868A50C12A61F9AB00B8B54F /* GoogleMobileAds.xcframework */; };
		868A50CD2A61F9AB00B8B54F /* FBLPromises.xcframework in Frameworks */ = {isa = PBXBuildFile; fileRef = 868A50C22A61F9AB00B8B54F /* FBLPromises.xcframework */; };
		868A50CE2A61F9AB00B8B54F /* GoogleAppMeasurement.xcframework in Frameworks */ = {isa = PBXBuildFile; fileRef = 868A50C32A61F9AB00B8B54F /* GoogleAppMeasurement.xcframework */; };
		868A50CF2A61F9AB00B8B54F /* GoogleUtilities.xcframework in Frameworks */ = {isa = PBXBuildFile; fileRef = 868A50C42A61F9AB00B8B54F /* GoogleUtilities.xcframework */; };
		868E5B07294521EA0087D208 /* GameController.framework in Frameworks */ = {isa = PBXBuildFile; fileRef = 868E5B06294521EA0087D208 /* GameController.framework */; };
		8692E0902A5E5769002B21DD /* GameBoard.cpp in Sources */ = {isa = PBXBuildFile; fileRef = 8692E08E2A5E5769002B21DD /* GameBoard.cpp */; };
		8692E09D2A5E9215002B21DD /* NumberObject.cpp in Sources */ = {isa = PBXBuildFile; fileRef = 8692E09B2A5E9215002B21DD /* NumberObject.cpp */; };
		8692E0A02A5E9E00002B21DD /* MediaPlayer.framework in Frameworks */ = {isa = PBXBuildFile; fileRef = 8692E09F2A5E9E00002B21DD /* MediaPlayer.framework */; };
		8692E0A42A604400002B21DD /* DrawLineObject.cpp in Sources */ = {isa = PBXBuildFile; fileRef = 8692E0A22A604400002B21DD /* DrawLineObject.cpp */; };
		86AAC05D2A6397BF001D9E50 /* light-on-icon.png in Resources */ = {isa = PBXBuildFile; fileRef = 86AAC05B2A6397BE001D9E50 /* light-on-icon.png */; };
		86DD54B929496BC2009AA4DC /* AndroidLaunchingScene.cpp in Sources */ = {isa = PBXBuildFile; fileRef = 86DD54A029496BC2009AA4DC /* AndroidLaunchingScene.cpp */; };
		86DD54BE29496BC2009AA4DC /* GameScene.cpp in Sources */ = {isa = PBXBuildFile; fileRef = 86DD54AD29496BC2009AA4DC /* GameScene.cpp */; };
		86EEFFAC2A60FE6A00B1D37F /* RandomNumber.cpp in Sources */ = {isa = PBXBuildFile; fileRef = 86EEFFAA2A60FE6A00B1D37F /* RandomNumber.cpp */; };
		86EEFFAF2A61032200B1D37F /* ColorFactory.cpp in Sources */ = {isa = PBXBuildFile; fileRef = 86EEFFAD2A61032200B1D37F /* ColorFactory.cpp */; };
		86EEFFB62A61485E00B1D37F /* GameOverLayer.cpp in Sources */ = {isa = PBXBuildFile; fileRef = 86EEFFB42A61485E00B1D37F /* GameOverLayer.cpp */; };
		86EEFFB92A614C8E00B1D37F /* TopMenuBarLayer.cpp in Sources */ = {isa = PBXBuildFile; fileRef = 86EEFFB72A614C8E00B1D37F /* TopMenuBarLayer.cpp */; };
		86EEFFC12A61657C00B1D37F /* back_button.png in Resources */ = {isa = PBXBuildFile; fileRef = 86EEFFBF2A61657C00B1D37F /* back_button.png */; };
		86EEFFC22A61657C00B1D37F /* reset_button.png in Resources */ = {isa = PBXBuildFile; fileRef = 86EEFFC02A61657C00B1D37F /* reset_button.png */; };
		BF171245129291EC00B8313A /* OpenGLES.framework in Frameworks */ = {isa = PBXBuildFile; fileRef = BF170DB012928DE900B8313A /* OpenGLES.framework */; };
		BF1712471292920000B8313A /* libz.dylib in Frameworks */ = {isa = PBXBuildFile; fileRef = BF170DB412928DE900B8313A /* libz.dylib */; };
		BF1C47F01293687400B63C5D /* QuartzCore.framework in Frameworks */ = {isa = PBXBuildFile; fileRef = BF1C47EA1293683800B63C5D /* QuartzCore.framework */; };
		D44C620C132DFF330009C878 /* OpenAL.framework in Frameworks */ = {isa = PBXBuildFile; fileRef = D44C620B132DFF330009C878 /* OpenAL.framework */; };
		D44C620E132DFF430009C878 /* AVFoundation.framework in Frameworks */ = {isa = PBXBuildFile; fileRef = D44C620D132DFF430009C878 /* AVFoundation.framework */; };
		D44C6210132DFF4E0009C878 /* AudioToolbox.framework in Frameworks */ = {isa = PBXBuildFile; fileRef = D44C620F132DFF4E0009C878 /* AudioToolbox.framework */; };
		D6B0611B1803AB670077942B /* CoreMotion.framework in Frameworks */ = {isa = PBXBuildFile; fileRef = D6B0611A1803AB670077942B /* CoreMotion.framework */; };
		DD0BD52F2A6ADA8A00B5547B /* BottomMenuBarLayer.cpp in Sources */ = {isa = PBXBuildFile; fileRef = DD0BD52D2A6ADA8A00B5547B /* BottomMenuBarLayer.cpp */; };
		DD0BD5352A6AF51400B5547B /* undo-icon.png in Resources */ = {isa = PBXBuildFile; fileRef = DD0BD5342A6AF51400B5547B /* undo-icon.png */; };
		DD3A06712A66C1CC006CBA53 /* sound-on-icon.png in Resources */ = {isa = PBXBuildFile; fileRef = DD3A066F2A66C1CC006CBA53 /* sound-on-icon.png */; };
		DD3A06722A66C1CC006CBA53 /* sound-off-icon.png in Resources */ = {isa = PBXBuildFile; fileRef = DD3A06702A66C1CC006CBA53 /* sound-off-icon.png */; };
		DD7CD4AB2A73EB0A0022E212 /* trophy-icon.png in Resources */ = {isa = PBXBuildFile; fileRef = DD7CD4AA2A73EB0A0022E212 /* trophy-icon.png */; };
		DD7CD4B02A73ECEB0022E212 /* GameCenterHelper.m in Sources */ = {isa = PBXBuildFile; fileRef = DD7CD4AF2A73ECEB0022E212 /* GameCenterHelper.m */; };
		DD7CD4B42A74129D0022E212 /* NativeBridge.cpp in Sources */ = {isa = PBXBuildFile; fileRef = DD7CD4B22A74129D0022E212 /* NativeBridge.cpp */; };
		DDA8A46C2A6A9D22008BEFD3 /* launching-screen.png in Resources */ = {isa = PBXBuildFile; fileRef = DDA8A46B2A6A9D22008BEFD3 /* launching-screen.png */; };
		DDCECDC72A6BF00000883213 /* hammer-icon.png in Resources */ = {isa = PBXBuildFile; fileRef = DDCECDC62A6BF00000883213 /* hammer-icon.png */; };
		DDCECDCA2A6C03F200883213 /* earn_point_icon.png in Resources */ = {isa = PBXBuildFile; fileRef = DDCECDC82A6C03F200883213 /* earn_point_icon.png */; };
		DDCECDCB2A6C03F200883213 /* maximum_number_icon.png in Resources */ = {isa = PBXBuildFile; fileRef = DDCECDC92A6C03F200883213 /* maximum_number_icon.png */; };
		DDCECDD12A6C1B5400883213 /* remove_number_sound.mp3 in Resources */ = {isa = PBXBuildFile; fileRef = DDCECDD02A6C1B5400883213 /* remove_number_sound.mp3 */; };
		DDD7B6D92A6CD9B7006A9ABE /* NativeSystemSound.m in Sources */ = {isa = PBXBuildFile; fileRef = DDD7B6D82A6CD9B7006A9ABE /* NativeSystemSound.m */; };
		DDD7B6DD2A6CE85F006A9ABE /* phone-vibration-off.png in Resources */ = {isa = PBXBuildFile; fileRef = DDD7B6DB2A6CE85F006A9ABE /* phone-vibration-off.png */; };
		DDD7B6DE2A6CE85F006A9ABE /* phone-vibration-on.png in Resources */ = {isa = PBXBuildFile; fileRef = DDD7B6DC2A6CE85F006A9ABE /* phone-vibration-on.png */; };
		ED545A7C1B68A1F400C3958E /* libiconv.dylib in Frameworks */ = {isa = PBXBuildFile; fileRef = ED545A7B1B68A1F400C3958E /* libiconv.dylib */; };
/* End PBXBuildFile section */

/* Begin PBXContainerItemProxy section */
		1AC6FB06180E9839004C840B /* PBXContainerItemProxy */ = {
			isa = PBXContainerItemProxy;
			containerPortal = 1AC6FAE5180E9839004C840B /* cocos2d_libs.xcodeproj */;
			proxyType = 2;
			remoteGlobalIDString = A07A4D641783777C0073F6A7;
			remoteInfo = "cocos2dx iOS";
		};
		1AC6FB24180E99E1004C840B /* PBXContainerItemProxy */ = {
			isa = PBXContainerItemProxy;
			containerPortal = 1AC6FAE5180E9839004C840B /* cocos2d_libs.xcodeproj */;
			proxyType = 1;
			remoteGlobalIDString = A07A4C241783777C0073F6A7;
			remoteInfo = "cocos2dx iOS";
		};
/* End PBXContainerItemProxy section */

/* Begin PBXFileReference section */
		1A88B2631FC3D9C9005C14AE /* Images.xcassets */ = {isa = PBXFileReference; lastKnownFileType = folder.assetcatalog; path = Images.xcassets; sourceTree = "<group>"; };
		1AC6FAE5180E9839004C840B /* cocos2d_libs.xcodeproj */ = {isa = PBXFileReference; lastKnownFileType = "wrapper.pb-project"; name = cocos2d_libs.xcodeproj; path = ../cocos2d/build/cocos2d_libs.xcodeproj; sourceTree = "<group>"; };
		1ACB3243164770DE00914215 /* libcurl.a */ = {isa = PBXFileReference; lastKnownFileType = archive.ar; name = libcurl.a; path = ../../cocos2dx/platform/third_party/ios/libraries/libcurl.a; sourceTree = "<group>"; };
		1AF87B471F6F77D6007BE51C /* AppController.h */ = {isa = PBXFileReference; lastKnownFileType = sourcecode.c.h; path = AppController.h; sourceTree = "<group>"; };
		1AF87B481F6F77D6007BE51C /* AppController.mm */ = {isa = PBXFileReference; lastKnownFileType = sourcecode.cpp.objcpp; path = AppController.mm; sourceTree = "<group>"; };
		1AF87B581F6F77D6007BE51C /* Info.plist */ = {isa = PBXFileReference; lastKnownFileType = text.plist.xml; path = Info.plist; sourceTree = "<group>"; };
		1AF87B591F6F77D6007BE51C /* LaunchScreen.storyboard */ = {isa = PBXFileReference; lastKnownFileType = file.storyboard; path = LaunchScreen.storyboard; sourceTree = "<group>"; };
		1AF87B5B1F6F77D6007BE51C /* main.m */ = {isa = PBXFileReference; lastKnownFileType = sourcecode.c.objc; path = main.m; sourceTree = "<group>"; };
		1AF87B5C1F6F77D6007BE51C /* Prefix.pch */ = {isa = PBXFileReference; lastKnownFileType = sourcecode.c.h; path = Prefix.pch; sourceTree = "<group>"; };
		1AF87B5D1F6F77D6007BE51C /* RootViewController.h */ = {isa = PBXFileReference; lastKnownFileType = sourcecode.c.h; path = RootViewController.h; sourceTree = "<group>"; };
		1AF87B5E1F6F77D6007BE51C /* RootViewController.mm */ = {isa = PBXFileReference; lastKnownFileType = sourcecode.cpp.objcpp; path = RootViewController.mm; sourceTree = "<group>"; };
		1D30AB110D05D00D00671497 /* Foundation.framework */ = {isa = PBXFileReference; lastKnownFileType = wrapper.framework; name = Foundation.framework; path = System/Library/Frameworks/Foundation.framework; sourceTree = SDKROOT; };
		1D6058910D05DD3D006BFB54 /* CombineNumber.app */ = {isa = PBXFileReference; explicitFileType = wrapper.application; includeInIndex = 0; path = CombineNumber.app; sourceTree = BUILT_PRODUCTS_DIR; };
		1DF5F4DF0D08C38300B7A737 /* UIKit.framework */ = {isa = PBXFileReference; lastKnownFileType = wrapper.framework; name = UIKit.framework; path = System/Library/Frameworks/UIKit.framework; sourceTree = SDKROOT; };
		288765A40DF7441C002DB57D /* CoreGraphics.framework */ = {isa = PBXFileReference; lastKnownFileType = wrapper.framework; name = CoreGraphics.framework; path = System/Library/Frameworks/CoreGraphics.framework; sourceTree = SDKROOT; };
		294D0D631D0D56D500F7F5D4 /* CoreText.framework */ = {isa = PBXFileReference; lastKnownFileType = wrapper.framework; name = CoreText.framework; path = Platforms/iPhoneOS.platform/Developer/SDKs/iPhoneOS.sdk/System/Library/Frameworks/CoreText.framework; sourceTree = DEVELOPER_DIR; };
		3EACC98E19EE6D4300EB3C5E /* res */ = {isa = PBXFileReference; lastKnownFileType = folder; path = res; sourceTree = "<group>"; };
		46880B8419C43A87006E1F66 /* AppDelegate.cpp */ = {isa = PBXFileReference; fileEncoding = 4; lastKnownFileType = sourcecode.cpp.cpp; path = AppDelegate.cpp; sourceTree = "<group>"; };
		46880B8519C43A87006E1F66 /* AppDelegate.h */ = {isa = PBXFileReference; fileEncoding = 4; lastKnownFileType = sourcecode.c.h; path = AppDelegate.h; sourceTree = "<group>"; };
		503AE11117EB99EE00D1A890 /* libcurl.dylib */ = {isa = PBXFileReference; lastKnownFileType = "compiled.mach-o.dylib"; name = libcurl.dylib; path = usr/lib/libcurl.dylib; sourceTree = SDKROOT; };
		503AE11A17EB9C5A00D1A890 /* IOKit.framework */ = {isa = PBXFileReference; lastKnownFileType = wrapper.framework; name = IOKit.framework; path = System/Library/Frameworks/IOKit.framework; sourceTree = SDKROOT; };
		5087E78817EB974C00C73F5D /* AppKit.framework */ = {isa = PBXFileReference; lastKnownFileType = wrapper.framework; name = AppKit.framework; path = System/Library/Frameworks/AppKit.framework; sourceTree = SDKROOT; };
		5087E78A17EB975400C73F5D /* OpenGL.framework */ = {isa = PBXFileReference; lastKnownFileType = wrapper.framework; name = OpenGL.framework; path = System/Library/Frameworks/OpenGL.framework; sourceTree = SDKROOT; };
		521A8EA819F11F5000D177D7 /* fonts */ = {isa = PBXFileReference; lastKnownFileType = folder; path = fonts; sourceTree = "<group>"; };
		52B47A461A53D09B004E4C60 /* Security.framework */ = {isa = PBXFileReference; lastKnownFileType = wrapper.framework; name = Security.framework; path = Platforms/iPhoneOS.platform/Developer/SDKs/iPhoneOS.sdk/System/Library/Frameworks/Security.framework; sourceTree = DEVELOPER_DIR; };
		8262943D1AAF051F00CB7CF7 /* Security.framework */ = {isa = PBXFileReference; lastKnownFileType = wrapper.framework; name = Security.framework; path = System/Library/Frameworks/Security.framework; sourceTree = SDKROOT; };
		86171BFD2A638A1B007A94B3 /* CustomButton.h */ = {isa = PBXFileReference; lastKnownFileType = sourcecode.c.h; path = CustomButton.h; sourceTree = "<group>"; };
		86586EC12A66676400E3D0F7 /* click_button_sound.mp3 */ = {isa = PBXFileReference; lastKnownFileType = audio.mp3; path = click_button_sound.mp3; sourceTree = "<group>"; };
		86586EC32A66676400E3D0F7 /* touch_number_sound.mp3 */ = {isa = PBXFileReference; lastKnownFileType = audio.mp3; path = touch_number_sound.mp3; sourceTree = "<group>"; };
		86586EC52A66676500E3D0F7 /* increase_number_sound.mp3 */ = {isa = PBXFileReference; lastKnownFileType = audio.mp3; path = increase_number_sound.mp3; sourceTree = "<group>"; };
		86586ECB2A66749000E3D0F7 /* game_over_sound.mp3 */ = {isa = PBXFileReference; lastKnownFileType = audio.mp3; path = game_over_sound.mp3; sourceTree = "<group>"; };
		868A50812A616B2E00B8B54F /* HomeScene.cpp */ = {isa = PBXFileReference; lastKnownFileType = sourcecode.cpp.cpp; path = HomeScene.cpp; sourceTree = "<group>"; };
		868A50822A616B2E00B8B54F /* HomeScene.h */ = {isa = PBXFileReference; lastKnownFileType = sourcecode.c.h; path = HomeScene.h; sourceTree = "<group>"; };
		868A50842A61800A00B8B54F /* play_button.png */ = {isa = PBXFileReference; lastKnownFileType = image.png; path = play_button.png; sourceTree = "<group>"; };
		868A508D2A61AFEC00B8B54F /* guide_icon.png */ = {isa = PBXFileReference; lastKnownFileType = image.png; path = guide_icon.png; sourceTree = "<group>"; };
		868A508F2A61BBEF00B8B54F /* GuideLinePopUpLayer.cpp */ = {isa = PBXFileReference; lastKnownFileType = sourcecode.cpp.cpp; path = GuideLinePopUpLayer.cpp; sourceTree = "<group>"; };
		868A50902A61BBEF00B8B54F /* GuideLinePopUpLayer.h */ = {isa = PBXFileReference; lastKnownFileType = sourcecode.c.h; path = GuideLinePopUpLayer.h; sourceTree = "<group>"; };
		868A509A2A61F87200B8B54F /* CallNativeIOSWrapper.h */ = {isa = PBXFileReference; lastKnownFileType = sourcecode.c.h; path = CallNativeIOSWrapper.h; sourceTree = "<group>"; };
		868A509B2A61F8A900B8B54F /* CallNativeIOSWrapper.mm */ = {isa = PBXFileReference; lastKnownFileType = sourcecode.cpp.objcpp; path = CallNativeIOSWrapper.mm; sourceTree = "<group>"; };
		868A509D2A61F8F300B8B54F /* AdmobIOS.h */ = {isa = PBXFileReference; lastKnownFileType = sourcecode.c.h; path = AdmobIOS.h; sourceTree = "<group>"; };
		868A509E2A61F91100B8B54F /* AdmobIOS.m */ = {isa = PBXFileReference; lastKnownFileType = sourcecode.c.objc; path = AdmobIOS.m; sourceTree = "<group>"; };
		868A50B92A61F9AB00B8B54F /* nanopb.xcframework */ = {isa = PBXFileReference; lastKnownFileType = wrapper.xcframework; path = nanopb.xcframework; sourceTree = "<group>"; };
		868A50BB2A61F9AB00B8B54F /* Promises-LICENSE */ = {isa = PBXFileReference; fileEncoding = 4; lastKnownFileType = text; path = "Promises-LICENSE"; sourceTree = "<group>"; };
		868A50BC2A61F9AB00B8B54F /* NanoPB-LICENSE */ = {isa = PBXFileReference; fileEncoding = 4; lastKnownFileType = text; path = "NanoPB-LICENSE"; sourceTree = "<group>"; };
		868A50BD2A61F9AB00B8B54F /* OpenMeasurement-LICENSE */ = {isa = PBXFileReference; fileEncoding = 4; lastKnownFileType = text; path = "OpenMeasurement-LICENSE"; sourceTree = "<group>"; };
		868A50BE2A61F9AB00B8B54F /* GoogleUtilities-LICENSE */ = {isa = PBXFileReference; fileEncoding = 4; lastKnownFileType = text; path = "GoogleUtilities-LICENSE"; sourceTree = "<group>"; };
		868A50BF2A61F9AB00B8B54F /* GoogleAppMeasurementIdentitySupport.xcframework */ = {isa = PBXFileReference; lastKnownFileType = wrapper.xcframework; path = GoogleAppMeasurementIdentitySupport.xcframework; sourceTree = "<group>"; };
		868A50C02A61F9AB00B8B54F /* UserMessagingPlatform.xcframework */ = {isa = PBXFileReference; lastKnownFileType = wrapper.xcframework; path = UserMessagingPlatform.xcframework; sourceTree = "<group>"; };
		868A50C12A61F9AB00B8B54F /* GoogleMobileAds.xcframework */ = {isa = PBXFileReference; lastKnownFileType = wrapper.xcframework; path = GoogleMobileAds.xcframework; sourceTree = "<group>"; };
		868A50C22A61F9AB00B8B54F /* FBLPromises.xcframework */ = {isa = PBXFileReference; lastKnownFileType = wrapper.xcframework; path = FBLPromises.xcframework; sourceTree = "<group>"; };
		868A50C32A61F9AB00B8B54F /* GoogleAppMeasurement.xcframework */ = {isa = PBXFileReference; lastKnownFileType = wrapper.xcframework; path = GoogleAppMeasurement.xcframework; sourceTree = "<group>"; };
		868A50C42A61F9AB00B8B54F /* GoogleUtilities.xcframework */ = {isa = PBXFileReference; lastKnownFileType = wrapper.xcframework; path = GoogleUtilities.xcframework; sourceTree = "<group>"; };
		868E5B04294521B60087D208 /* MediaPlayer.framework */ = {isa = PBXFileReference; lastKnownFileType = wrapper.framework; name = MediaPlayer.framework; path = Platforms/iPhoneOS.platform/Developer/SDKs/iPhoneOS16.0.sdk/System/Library/Frameworks/MediaPlayer.framework; sourceTree = DEVELOPER_DIR; };
		868E5B06294521EA0087D208 /* GameController.framework */ = {isa = PBXFileReference; lastKnownFileType = wrapper.framework; name = GameController.framework; path = Platforms/iPhoneOS.platform/Developer/SDKs/iPhoneOS16.0.sdk/System/Library/Frameworks/GameController.framework; sourceTree = DEVELOPER_DIR; };
		8692E08E2A5E5769002B21DD /* GameBoard.cpp */ = {isa = PBXFileReference; lastKnownFileType = sourcecode.cpp.cpp; path = GameBoard.cpp; sourceTree = "<group>"; };
		8692E08F2A5E5769002B21DD /* GameBoard.h */ = {isa = PBXFileReference; lastKnownFileType = sourcecode.c.h; path = GameBoard.h; sourceTree = "<group>"; };
		8692E0922A5E58DF002B21DD /* GameConfig.h */ = {isa = PBXFileReference; lastKnownFileType = sourcecode.c.h; path = GameConfig.h; sourceTree = "<group>"; };
		8692E09B2A5E9215002B21DD /* NumberObject.cpp */ = {isa = PBXFileReference; lastKnownFileType = sourcecode.cpp.cpp; path = NumberObject.cpp; sourceTree = "<group>"; };
		8692E09C2A5E9215002B21DD /* NumberObject.h */ = {isa = PBXFileReference; lastKnownFileType = sourcecode.c.h; path = NumberObject.h; sourceTree = "<group>"; };
		8692E09F2A5E9E00002B21DD /* MediaPlayer.framework */ = {isa = PBXFileReference; lastKnownFileType = wrapper.framework; name = MediaPlayer.framework; path = Platforms/iPhoneOS.platform/Developer/SDKs/iPhoneOS16.1.sdk/System/Library/Frameworks/MediaPlayer.framework; sourceTree = DEVELOPER_DIR; };
		8692E0A22A604400002B21DD /* DrawLineObject.cpp */ = {isa = PBXFileReference; lastKnownFileType = sourcecode.cpp.cpp; path = DrawLineObject.cpp; sourceTree = "<group>"; };
		8692E0A32A604400002B21DD /* DrawLineObject.h */ = {isa = PBXFileReference; lastKnownFileType = sourcecode.c.h; path = DrawLineObject.h; sourceTree = "<group>"; };
		86AAC05B2A6397BE001D9E50 /* light-on-icon.png */ = {isa = PBXFileReference; lastKnownFileType = image.png; path = "light-on-icon.png"; sourceTree = "<group>"; };
		86DD549929496BC1009AA4DC /* AndroidLaunchingScene.h */ = {isa = PBXFileReference; fileEncoding = 4; lastKnownFileType = sourcecode.c.h; path = AndroidLaunchingScene.h; sourceTree = "<group>"; };
		86DD54A029496BC2009AA4DC /* AndroidLaunchingScene.cpp */ = {isa = PBXFileReference; fileEncoding = 4; lastKnownFileType = sourcecode.cpp.cpp; path = AndroidLaunchingScene.cpp; sourceTree = "<group>"; };
		86DD54AD29496BC2009AA4DC /* GameScene.cpp */ = {isa = PBXFileReference; fileEncoding = 4; lastKnownFileType = sourcecode.cpp.cpp; path = GameScene.cpp; sourceTree = "<group>"; };
		86DD54B029496BC2009AA4DC /* GameScene.h */ = {isa = PBXFileReference; fileEncoding = 4; lastKnownFileType = sourcecode.c.h; path = GameScene.h; sourceTree = "<group>"; };
		86EEFFAA2A60FE6A00B1D37F /* RandomNumber.cpp */ = {isa = PBXFileReference; lastKnownFileType = sourcecode.cpp.cpp; path = RandomNumber.cpp; sourceTree = "<group>"; };
		86EEFFAB2A60FE6A00B1D37F /* RandomNumber.h */ = {isa = PBXFileReference; lastKnownFileType = sourcecode.c.h; path = RandomNumber.h; sourceTree = "<group>"; };
		86EEFFAD2A61032200B1D37F /* ColorFactory.cpp */ = {isa = PBXFileReference; lastKnownFileType = sourcecode.cpp.cpp; path = ColorFactory.cpp; sourceTree = "<group>"; };
		86EEFFAE2A61032200B1D37F /* ColorFactory.h */ = {isa = PBXFileReference; lastKnownFileType = sourcecode.c.h; path = ColorFactory.h; sourceTree = "<group>"; };
		86EEFFB32A6145D000B1D37F /* GameBoardDelegate.h */ = {isa = PBXFileReference; lastKnownFileType = sourcecode.c.h; path = GameBoardDelegate.h; sourceTree = "<group>"; };
		86EEFFB42A61485E00B1D37F /* GameOverLayer.cpp */ = {isa = PBXFileReference; lastKnownFileType = sourcecode.cpp.cpp; path = GameOverLayer.cpp; sourceTree = "<group>"; };
		86EEFFB52A61485E00B1D37F /* GameOverLayer.h */ = {isa = PBXFileReference; lastKnownFileType = sourcecode.c.h; path = GameOverLayer.h; sourceTree = "<group>"; };
		86EEFFB72A614C8E00B1D37F /* TopMenuBarLayer.cpp */ = {isa = PBXFileReference; lastKnownFileType = sourcecode.cpp.cpp; path = TopMenuBarLayer.cpp; sourceTree = "<group>"; };
		86EEFFB82A614C8E00B1D37F /* TopMenuBarLayer.h */ = {isa = PBXFileReference; lastKnownFileType = sourcecode.c.h; path = TopMenuBarLayer.h; sourceTree = "<group>"; };
		86EEFFBA2A6163D200B1D37F /* EventClickButtonDelegate.h */ = {isa = PBXFileReference; lastKnownFileType = sourcecode.c.h; path = EventClickButtonDelegate.h; sourceTree = "<group>"; };
		86EEFFBF2A61657C00B1D37F /* back_button.png */ = {isa = PBXFileReference; lastKnownFileType = image.png; path = back_button.png; sourceTree = "<group>"; };
		86EEFFC02A61657C00B1D37F /* reset_button.png */ = {isa = PBXFileReference; lastKnownFileType = image.png; path = reset_button.png; sourceTree = "<group>"; };
		BF170DB012928DE900B8313A /* OpenGLES.framework */ = {isa = PBXFileReference; lastKnownFileType = wrapper.framework; name = OpenGLES.framework; path = System/Library/Frameworks/OpenGLES.framework; sourceTree = SDKROOT; };
		BF170DB412928DE900B8313A /* libz.dylib */ = {isa = PBXFileReference; lastKnownFileType = "compiled.mach-o.dylib"; name = libz.dylib; path = usr/lib/libz.dylib; sourceTree = SDKROOT; };
		BF1C47EA1293683800B63C5D /* QuartzCore.framework */ = {isa = PBXFileReference; lastKnownFileType = wrapper.framework; name = QuartzCore.framework; path = System/Library/Frameworks/QuartzCore.framework; sourceTree = SDKROOT; };
		D44C620B132DFF330009C878 /* OpenAL.framework */ = {isa = PBXFileReference; lastKnownFileType = wrapper.framework; name = OpenAL.framework; path = System/Library/Frameworks/OpenAL.framework; sourceTree = SDKROOT; };
		D44C620D132DFF430009C878 /* AVFoundation.framework */ = {isa = PBXFileReference; lastKnownFileType = wrapper.framework; name = AVFoundation.framework; path = System/Library/Frameworks/AVFoundation.framework; sourceTree = SDKROOT; };
		D44C620F132DFF4E0009C878 /* AudioToolbox.framework */ = {isa = PBXFileReference; lastKnownFileType = wrapper.framework; name = AudioToolbox.framework; path = System/Library/Frameworks/AudioToolbox.framework; sourceTree = SDKROOT; };
		D6B0611A1803AB670077942B /* CoreMotion.framework */ = {isa = PBXFileReference; lastKnownFileType = wrapper.framework; name = CoreMotion.framework; path = Platforms/iPhoneOS.platform/Developer/SDKs/iPhoneOS.sdk/System/Library/Frameworks/CoreMotion.framework; sourceTree = DEVELOPER_DIR; };
		DD0BD52D2A6ADA8A00B5547B /* BottomMenuBarLayer.cpp */ = {isa = PBXFileReference; lastKnownFileType = sourcecode.cpp.cpp; path = BottomMenuBarLayer.cpp; sourceTree = "<group>"; };
		DD0BD52E2A6ADA8A00B5547B /* BottomMenuBarLayer.h */ = {isa = PBXFileReference; lastKnownFileType = sourcecode.c.h; path = BottomMenuBarLayer.h; sourceTree = "<group>"; };
		DD0BD5342A6AF51400B5547B /* undo-icon.png */ = {isa = PBXFileReference; lastKnownFileType = image.png; path = "undo-icon.png"; sourceTree = "<group>"; };
		DD0BD5372A6B062000B5547B /* UndoData.h */ = {isa = PBXFileReference; lastKnownFileType = sourcecode.c.h; path = UndoData.h; sourceTree = "<group>"; };
		DD3A066F2A66C1CC006CBA53 /* sound-on-icon.png */ = {isa = PBXFileReference; lastKnownFileType = image.png; path = "sound-on-icon.png"; sourceTree = "<group>"; };
		DD3A06702A66C1CC006CBA53 /* sound-off-icon.png */ = {isa = PBXFileReference; lastKnownFileType = image.png; path = "sound-off-icon.png"; sourceTree = "<group>"; };
		DD7CD4AA2A73EB0A0022E212 /* trophy-icon.png */ = {isa = PBXFileReference; lastKnownFileType = image.png; path = "trophy-icon.png"; sourceTree = "<group>"; };
		DD7CD4AC2A73EB9E0022E212 /* GameCenterHelper.h */ = {isa = PBXFileReference; lastKnownFileType = sourcecode.c.h; path = GameCenterHelper.h; sourceTree = "<group>"; };
		DD7CD4AF2A73ECEB0022E212 /* GameCenterHelper.m */ = {isa = PBXFileReference; lastKnownFileType = sourcecode.c.objc; path = GameCenterHelper.m; sourceTree = "<group>"; };
		DD7CD4B12A740F370022E212 /* CombineNumber.entitlements */ = {isa = PBXFileReference; lastKnownFileType = text.plist.entitlements; path = CombineNumber.entitlements; sourceTree = "<group>"; };
		DD7CD4B22A74129D0022E212 /* NativeBridge.cpp */ = {isa = PBXFileReference; lastKnownFileType = sourcecode.cpp.cpp; path = NativeBridge.cpp; sourceTree = "<group>"; };
		DD7CD4B32A74129D0022E212 /* NativeBridge.h */ = {isa = PBXFileReference; lastKnownFileType = sourcecode.c.h; path = NativeBridge.h; sourceTree = "<group>"; };
		DDA8A46B2A6A9D22008BEFD3 /* launching-screen.png */ = {isa = PBXFileReference; lastKnownFileType = image.png; path = "launching-screen.png"; sourceTree = "<group>"; };
		DDCECDC62A6BF00000883213 /* hammer-icon.png */ = {isa = PBXFileReference; lastKnownFileType = image.png; path = "hammer-icon.png"; sourceTree = "<group>"; };
		DDCECDC82A6C03F200883213 /* earn_point_icon.png */ = {isa = PBXFileReference; lastKnownFileType = image.png; path = earn_point_icon.png; sourceTree = "<group>"; };
		DDCECDC92A6C03F200883213 /* maximum_number_icon.png */ = {isa = PBXFileReference; lastKnownFileType = image.png; path = maximum_number_icon.png; sourceTree = "<group>"; };
		DDCECDD02A6C1B5400883213 /* remove_number_sound.mp3 */ = {isa = PBXFileReference; lastKnownFileType = audio.mp3; path = remove_number_sound.mp3; sourceTree = "<group>"; };
		DDD7B6D72A6CD980006A9ABE /* NativeSystemSound.h */ = {isa = PBXFileReference; lastKnownFileType = sourcecode.c.h; path = NativeSystemSound.h; sourceTree = "<group>"; };
		DDD7B6D82A6CD9B7006A9ABE /* NativeSystemSound.m */ = {isa = PBXFileReference; lastKnownFileType = sourcecode.c.objc; path = NativeSystemSound.m; sourceTree = "<group>"; };
		DDD7B6DB2A6CE85F006A9ABE /* phone-vibration-off.png */ = {isa = PBXFileReference; lastKnownFileType = image.png; path = "phone-vibration-off.png"; sourceTree = "<group>"; };
		DDD7B6DC2A6CE85F006A9ABE /* phone-vibration-on.png */ = {isa = PBXFileReference; lastKnownFileType = image.png; path = "phone-vibration-on.png"; sourceTree = "<group>"; };
		ED545A7B1B68A1F400C3958E /* libiconv.dylib */ = {isa = PBXFileReference; lastKnownFileType = "compiled.mach-o.dylib"; name = libiconv.dylib; path = Platforms/iPhoneOS.platform/Developer/SDKs/iPhoneOS.sdk/usr/lib/libiconv.dylib; sourceTree = DEVELOPER_DIR; };
		ED545A7D1B68A1FA00C3958E /* libiconv.dylib */ = {isa = PBXFileReference; lastKnownFileType = "compiled.mach-o.dylib"; name = libiconv.dylib; path = usr/lib/libiconv.dylib; sourceTree = SDKROOT; };
/* End PBXFileReference section */

/* Begin PBXFrameworksBuildPhase section */
		1D60588F0D05DD3D006BFB54 /* Frameworks */ = {
			isa = PBXFrameworksBuildPhase;
			buildActionMask = 2147483647;
			files = (
				8692E0A02A5E9E00002B21DD /* MediaPlayer.framework in Frameworks */,
				868A50CB2A61F9AB00B8B54F /* UserMessagingPlatform.xcframework in Frameworks */,
				868E5B07294521EA0087D208 /* GameController.framework in Frameworks */,
				294D0D641D0D56D500F7F5D4 /* CoreText.framework in Frameworks */,
				ED545A7C1B68A1F400C3958E /* libiconv.dylib in Frameworks */,
				868A50C52A61F9AB00B8B54F /* nanopb.xcframework in Frameworks */,
				52B47A471A53D09C004E4C60 /* Security.framework in Frameworks */,
				1AC6FB30180E99EB004C840B /* libcocos2d iOS.a in Frameworks */,
				868A50CE2A61F9AB00B8B54F /* GoogleAppMeasurement.xcframework in Frameworks */,
				D6B0611B1803AB670077942B /* CoreMotion.framework in Frameworks */,
				1D60589F0D05DD5A006BFB54 /* Foundation.framework in Frameworks */,
				1DF5F4E00D08C38300B7A737 /* UIKit.framework in Frameworks */,
				868A50CC2A61F9AB00B8B54F /* GoogleMobileAds.xcframework in Frameworks */,
				868A50CF2A61F9AB00B8B54F /* GoogleUtilities.xcframework in Frameworks */,
				288765A50DF7441C002DB57D /* CoreGraphics.framework in Frameworks */,
				BF171245129291EC00B8313A /* OpenGLES.framework in Frameworks */,
				868A50CD2A61F9AB00B8B54F /* FBLPromises.xcframework in Frameworks */,
				BF1712471292920000B8313A /* libz.dylib in Frameworks */,
				868A50CA2A61F9AB00B8B54F /* GoogleAppMeasurementIdentitySupport.xcframework in Frameworks */,
				BF1C47F01293687400B63C5D /* QuartzCore.framework in Frameworks */,
				D44C620C132DFF330009C878 /* OpenAL.framework in Frameworks */,
				D44C620E132DFF430009C878 /* AVFoundation.framework in Frameworks */,
				D44C6210132DFF4E0009C878 /* AudioToolbox.framework in Frameworks */,
			);
			runOnlyForDeploymentPostprocessing = 0;
		};
/* End PBXFrameworksBuildPhase section */

/* Begin PBXGroup section */
		19C28FACFE9D520D11CA2CBB /* Products */ = {
			isa = PBXGroup;
			children = (
				1D6058910D05DD3D006BFB54 /* CombineNumber.app */,
			);
			name = Products;
			sourceTree = "<group>";
		};
		1AC6FAE6180E9839004C840B /* Products */ = {
			isa = PBXGroup;
			children = (
				1AC6FB07180E9839004C840B /* libcocos2d iOS.a */,
			);
			name = Products;
			sourceTree = "<group>";
		};
		1AF87B461F6F77D6007BE51C /* ios */ = {
			isa = PBXGroup;
			children = (
				DDA8A46B2A6A9D22008BEFD3 /* launching-screen.png */,
				868A50992A61F86B00B8B54F /* NativeiOS */,
				1A88B2631FC3D9C9005C14AE /* Images.xcassets */,
				1AF87B471F6F77D6007BE51C /* AppController.h */,
				1AF87B481F6F77D6007BE51C /* AppController.mm */,
				1AF87B581F6F77D6007BE51C /* Info.plist */,
				1AF87B591F6F77D6007BE51C /* LaunchScreen.storyboard */,
				1AF87B5B1F6F77D6007BE51C /* main.m */,
				1AF87B5C1F6F77D6007BE51C /* Prefix.pch */,
				1AF87B5D1F6F77D6007BE51C /* RootViewController.h */,
				1AF87B5E1F6F77D6007BE51C /* RootViewController.mm */,
			);
			path = ios;
			sourceTree = "<group>";
		};
		29B97314FDCFA39411CA2CEA /* CustomTemplate */ = {
			isa = PBXGroup;
			children = (
				DD7CD4B12A740F370022E212 /* CombineNumber.entitlements */,
				46880B8319C43A87006E1F66 /* Classes */,
				46880B7519C43A67006E1F66 /* Resources */,
				1AC6FAE5180E9839004C840B /* cocos2d_libs.xcodeproj */,
				29B97323FDCFA39411CA2CEA /* Frameworks */,
				1AF87B461F6F77D6007BE51C /* ios */,
				19C28FACFE9D520D11CA2CBB /* Products */,
			);
			name = CustomTemplate;
			sourceTree = "<group>";
		};
		29B97323FDCFA39411CA2CEA /* Frameworks */ = {
			isa = PBXGroup;
			children = (
				8692E09F2A5E9E00002B21DD /* MediaPlayer.framework */,
				868E5B06294521EA0087D208 /* GameController.framework */,
				868E5B04294521B60087D208 /* MediaPlayer.framework */,
				294D0D631D0D56D500F7F5D4 /* CoreText.framework */,
				ED545A7D1B68A1FA00C3958E /* libiconv.dylib */,
				ED545A7B1B68A1F400C3958E /* libiconv.dylib */,
				8262943D1AAF051F00CB7CF7 /* Security.framework */,
				52B47A461A53D09B004E4C60 /* Security.framework */,
				D6B0611A1803AB670077942B /* CoreMotion.framework */,
				503AE11A17EB9C5A00D1A890 /* IOKit.framework */,
				503AE11117EB99EE00D1A890 /* libcurl.dylib */,
				5087E78A17EB975400C73F5D /* OpenGL.framework */,
				5087E78817EB974C00C73F5D /* AppKit.framework */,
				1ACB3243164770DE00914215 /* libcurl.a */,
				BF170DB412928DE900B8313A /* libz.dylib */,
				D44C620F132DFF4E0009C878 /* AudioToolbox.framework */,
				D44C620D132DFF430009C878 /* AVFoundation.framework */,
				288765A40DF7441C002DB57D /* CoreGraphics.framework */,
				1D30AB110D05D00D00671497 /* Foundation.framework */,
				D44C620B132DFF330009C878 /* OpenAL.framework */,
				BF170DB012928DE900B8313A /* OpenGLES.framework */,
				BF1C47EA1293683800B63C5D /* QuartzCore.framework */,
				1DF5F4DF0D08C38300B7A737 /* UIKit.framework */,
			);
			name = Frameworks;
			sourceTree = "<group>";
		};
		46880B7519C43A67006E1F66 /* Resources */ = {
			isa = PBXGroup;
			children = (
				86586EBE2A6664D100E3D0F7 /* soundeffects */,
				868E5A5E2944A97F0087D208 /* images */,
				521A8EA819F11F5000D177D7 /* fonts */,
				3EACC98E19EE6D4300EB3C5E /* res */,
			);
			name = Resources;
			path = ../Resources;
			sourceTree = "<group>";
		};
		46880B8319C43A87006E1F66 /* Classes */ = {
			isa = PBXGroup;
			children = (
				46880B8519C43A87006E1F66 /* AppDelegate.h */,
				46880B8419C43A87006E1F66 /* AppDelegate.cpp */,
				86DD549929496BC1009AA4DC /* AndroidLaunchingScene.h */,
				86DD54A029496BC2009AA4DC /* AndroidLaunchingScene.cpp */,
				86EEFFAE2A61032200B1D37F /* ColorFactory.h */,
				86EEFFAD2A61032200B1D37F /* ColorFactory.cpp */,
				868A50822A616B2E00B8B54F /* HomeScene.h */,
				868A50812A616B2E00B8B54F /* HomeScene.cpp */,
				86DD54B029496BC2009AA4DC /* GameScene.h */,
				86DD54AD29496BC2009AA4DC /* GameScene.cpp */,
				8692E08F2A5E5769002B21DD /* GameBoard.h */,
				8692E08E2A5E5769002B21DD /* GameBoard.cpp */,
				8692E09C2A5E9215002B21DD /* NumberObject.h */,
				8692E09B2A5E9215002B21DD /* NumberObject.cpp */,
				8692E0A32A604400002B21DD /* DrawLineObject.h */,
				8692E0A22A604400002B21DD /* DrawLineObject.cpp */,
				86EEFFAB2A60FE6A00B1D37F /* RandomNumber.h */,
				86EEFFAA2A60FE6A00B1D37F /* RandomNumber.cpp */,
				86EEFFB52A61485E00B1D37F /* GameOverLayer.h */,
				86EEFFB42A61485E00B1D37F /* GameOverLayer.cpp */,
				86EEFFB82A614C8E00B1D37F /* TopMenuBarLayer.h */,
				86EEFFB72A614C8E00B1D37F /* TopMenuBarLayer.cpp */,
				DD0BD52E2A6ADA8A00B5547B /* BottomMenuBarLayer.h */,
				DD0BD52D2A6ADA8A00B5547B /* BottomMenuBarLayer.cpp */,
				868A50902A61BBEF00B8B54F /* GuideLinePopUpLayer.h */,
				868A508F2A61BBEF00B8B54F /* GuideLinePopUpLayer.cpp */,
				86171BFD2A638A1B007A94B3 /* CustomButton.h */,
				8692E0922A5E58DF002B21DD /* GameConfig.h */,
				86EEFFB32A6145D000B1D37F /* GameBoardDelegate.h */,
				86EEFFBA2A6163D200B1D37F /* EventClickButtonDelegate.h */,
				DD0BD5372A6B062000B5547B /* UndoData.h */,
				DD7CD4B32A74129D0022E212 /* NativeBridge.h */,
				DD7CD4B22A74129D0022E212 /* NativeBridge.cpp */,
			);
			name = Classes;
			path = ../Classes;
			sourceTree = "<group>";
		};
		86586EBE2A6664D100E3D0F7 /* soundeffects */ = {
			isa = PBXGroup;
			children = (
				DDCECDD02A6C1B5400883213 /* remove_number_sound.mp3 */,
				86586ECB2A66749000E3D0F7 /* game_over_sound.mp3 */,
				86586EC12A66676400E3D0F7 /* click_button_sound.mp3 */,
				86586EC52A66676500E3D0F7 /* increase_number_sound.mp3 */,
				86586EC32A66676400E3D0F7 /* touch_number_sound.mp3 */,
			);
			path = soundeffects;
			sourceTree = "<group>";
		};
		868A50992A61F86B00B8B54F /* NativeiOS */ = {
			isa = PBXGroup;
			children = (
				868A509A2A61F87200B8B54F /* CallNativeIOSWrapper.h */,
				868A509B2A61F8A900B8B54F /* CallNativeIOSWrapper.mm */,
				DD7CD4AC2A73EB9E0022E212 /* GameCenterHelper.h */,
				DD7CD4AF2A73ECEB0022E212 /* GameCenterHelper.m */,
				868A509D2A61F8F300B8B54F /* AdmobIOS.h */,
				868A509E2A61F91100B8B54F /* AdmobIOS.m */,
				DDD7B6D72A6CD980006A9ABE /* NativeSystemSound.h */,
				DDD7B6D82A6CD9B7006A9ABE /* NativeSystemSound.m */,
				868A50B82A61F9AB00B8B54F /* GoogleMobileAdsSdkiOS-10.8.0 */,
			);
			path = NativeiOS;
			sourceTree = "<group>";
		};
		868A50B82A61F9AB00B8B54F /* GoogleMobileAdsSdkiOS-10.8.0 */ = {
			isa = PBXGroup;
			children = (
				868A50B92A61F9AB00B8B54F /* nanopb.xcframework */,
				868A50BA2A61F9AB00B8B54F /* Licenses */,
				868A50BF2A61F9AB00B8B54F /* GoogleAppMeasurementIdentitySupport.xcframework */,
				868A50C02A61F9AB00B8B54F /* UserMessagingPlatform.xcframework */,
				868A50C12A61F9AB00B8B54F /* GoogleMobileAds.xcframework */,
				868A50C22A61F9AB00B8B54F /* FBLPromises.xcframework */,
				868A50C32A61F9AB00B8B54F /* GoogleAppMeasurement.xcframework */,
				868A50C42A61F9AB00B8B54F /* GoogleUtilities.xcframework */,
			);
			path = "GoogleMobileAdsSdkiOS-10.8.0";
			sourceTree = "<group>";
		};
		868A50BA2A61F9AB00B8B54F /* Licenses */ = {
			isa = PBXGroup;
			children = (
				868A50BB2A61F9AB00B8B54F /* Promises-LICENSE */,
				868A50BC2A61F9AB00B8B54F /* NanoPB-LICENSE */,
				868A50BD2A61F9AB00B8B54F /* OpenMeasurement-LICENSE */,
				868A50BE2A61F9AB00B8B54F /* GoogleUtilities-LICENSE */,
			);
			path = Licenses;
			sourceTree = "<group>";
		};
		868E5A5E2944A97F0087D208 /* images */ = {
			isa = PBXGroup;
			children = (
				DD7CD4AA2A73EB0A0022E212 /* trophy-icon.png */,
				DDD7B6DB2A6CE85F006A9ABE /* phone-vibration-off.png */,
				DDD7B6DC2A6CE85F006A9ABE /* phone-vibration-on.png */,
				DDCECDC82A6C03F200883213 /* earn_point_icon.png */,
				DDCECDC92A6C03F200883213 /* maximum_number_icon.png */,
				DDCECDC62A6BF00000883213 /* hammer-icon.png */,
				DD0BD5342A6AF51400B5547B /* undo-icon.png */,
				DD3A06702A66C1CC006CBA53 /* sound-off-icon.png */,
				DD3A066F2A66C1CC006CBA53 /* sound-on-icon.png */,
				86AAC05B2A6397BE001D9E50 /* light-on-icon.png */,
				868A508D2A61AFEC00B8B54F /* guide_icon.png */,
				868A50842A61800A00B8B54F /* play_button.png */,
				86EEFFBF2A61657C00B1D37F /* back_button.png */,
				86EEFFC02A61657C00B1D37F /* reset_button.png */,
			);
			path = images;
			sourceTree = "<group>";
		};
/* End PBXGroup section */

/* Begin PBXNativeTarget section */
		1D6058900D05DD3D006BFB54 /* CombineNumber */ = {
			isa = PBXNativeTarget;
			buildConfigurationList = 1D6058960D05DD3E006BFB54 /* Build configuration list for PBXNativeTarget "CombineNumber" */;
			buildPhases = (
				1D60588D0D05DD3D006BFB54 /* Resources */,
				1D60588E0D05DD3D006BFB54 /* Sources */,
				1D60588F0D05DD3D006BFB54 /* Frameworks */,
			);
			buildRules = (
			);
			dependencies = (
				1AC6FB25180E99E1004C840B /* PBXTargetDependency */,
			);
			name = CombineNumber;
			productName = iphone;
			productReference = 1D6058910D05DD3D006BFB54 /* CombineNumber.app */;
			productType = "com.apple.product-type.application";
		};
/* End PBXNativeTarget section */

/* Begin PBXProject section */
		29B97313FDCFA39411CA2CEA /* Project object */ = {
			isa = PBXProject;
			attributes = {
				LastUpgradeCheck = 1420;
				TargetAttributes = {
					1D6058900D05DD3D006BFB54 = {
						LastSwiftMigration = 1400;
					};
				};
			};
			buildConfigurationList = C01FCF4E08A954540054247B /* Build configuration list for PBXProject "CombineNumber" */;
			compatibilityVersion = "Xcode 3.2";
			developmentRegion = en;
			hasScannedForEncodings = 1;
			knownRegions = (
				en,
				Base,
				ja,
				fr,
				de,
			);
			mainGroup = 29B97314FDCFA39411CA2CEA /* CustomTemplate */;
			projectDirPath = "";
			projectReferences = (
				{
					ProductGroup = 1AC6FAE6180E9839004C840B /* Products */;
					ProjectRef = 1AC6FAE5180E9839004C840B /* cocos2d_libs.xcodeproj */;
				},
			);
			projectRoot = "";
			targets = (
				1D6058900D05DD3D006BFB54 /* CombineNumber */,
			);
		};
/* End PBXProject section */

/* Begin PBXReferenceProxy section */
		1AC6FB07180E9839004C840B /* libcocos2d iOS.a */ = {
			isa = PBXReferenceProxy;
			fileType = archive.ar;
			path = "libcocos2d iOS.a";
			remoteRef = 1AC6FB06180E9839004C840B /* PBXContainerItemProxy */;
			sourceTree = BUILT_PRODUCTS_DIR;
		};
/* End PBXReferenceProxy section */

/* Begin PBXResourcesBuildPhase section */
		1D60588D0D05DD3D006BFB54 /* Resources */ = {
			isa = PBXResourcesBuildPhase;
			buildActionMask = 2147483647;
			files = (
				DDCECDCA2A6C03F200883213 /* earn_point_icon.png in Resources */,
				868A50C92A61F9AB00B8B54F /* GoogleUtilities-LICENSE in Resources */,
				DD7CD4AB2A73EB0A0022E212 /* trophy-icon.png in Resources */,
				DD3A06712A66C1CC006CBA53 /* sound-on-icon.png in Resources */,
				868A50C62A61F9AB00B8B54F /* Promises-LICENSE in Resources */,
				1A88B2641FC3D9C9005C14AE /* Images.xcassets in Resources */,
				868A50C82A61F9AB00B8B54F /* OpenMeasurement-LICENSE in Resources */,
				DD3A06722A66C1CC006CBA53 /* sound-off-icon.png in Resources */,
				DDA8A46C2A6A9D22008BEFD3 /* launching-screen.png in Resources */,
				868A508E2A61AFEC00B8B54F /* guide_icon.png in Resources */,
				86EEFFC22A61657C00B1D37F /* reset_button.png in Resources */,
				86586ECC2A66749000E3D0F7 /* game_over_sound.mp3 in Resources */,
				DD0BD5352A6AF51400B5547B /* undo-icon.png in Resources */,
				86AAC05D2A6397BF001D9E50 /* light-on-icon.png in Resources */,
				DDD7B6DE2A6CE85F006A9ABE /* phone-vibration-on.png in Resources */,
				DDD7B6DD2A6CE85F006A9ABE /* phone-vibration-off.png in Resources */,
				86586EC62A66676500E3D0F7 /* click_button_sound.mp3 in Resources */,
				868A50852A61800A00B8B54F /* play_button.png in Resources */,
				86EEFFC12A61657C00B1D37F /* back_button.png in Resources */,
				DDCECDCB2A6C03F200883213 /* maximum_number_icon.png in Resources */,
				521A8EA919F11F5000D177D7 /* fonts in Resources */,
				DDCECDD12A6C1B5400883213 /* remove_number_sound.mp3 in Resources */,
				DDCECDC72A6BF00000883213 /* hammer-icon.png in Resources */,
				86586EC82A66676500E3D0F7 /* touch_number_sound.mp3 in Resources */,
				868A50C72A61F9AB00B8B54F /* NanoPB-LICENSE in Resources */,
				3EACC98F19EE6D4300EB3C5E /* res in Resources */,
				86586ECA2A66676500E3D0F7 /* increase_number_sound.mp3 in Resources */,
				1AF87B881F6F781D007BE51C /* LaunchScreen.storyboard in Resources */,
			);
			runOnlyForDeploymentPostprocessing = 0;
		};
/* End PBXResourcesBuildPhase section */

/* Begin PBXSourcesBuildPhase section */
		1D60588E0D05DD3D006BFB54 /* Sources */ = {
			isa = PBXSourcesBuildPhase;
			buildActionMask = 2147483647;
			files = (
				86EEFFAF2A61032200B1D37F /* ColorFactory.cpp in Sources */,
				86DD54BE29496BC2009AA4DC /* GameScene.cpp in Sources */,
				1AF87B781F6F77F7007BE51C /* AppController.mm in Sources */,
				DD0BD52F2A6ADA8A00B5547B /* BottomMenuBarLayer.cpp in Sources */,
				86EEFFB62A61485E00B1D37F /* GameOverLayer.cpp in Sources */,
				86DD54B929496BC2009AA4DC /* AndroidLaunchingScene.cpp in Sources */,
				86EEFFB92A614C8E00B1D37F /* TopMenuBarLayer.cpp in Sources */,
				1AF87B8B1F6F782A007BE51C /* RootViewController.mm in Sources */,
				868A509C2A61F8A900B8B54F /* CallNativeIOSWrapper.mm in Sources */,
				46880B8819C43A87006E1F66 /* AppDelegate.cpp in Sources */,
				8692E0902A5E5769002B21DD /* GameBoard.cpp in Sources */,
				DD7CD4B42A74129D0022E212 /* NativeBridge.cpp in Sources */,
				868A50832A616B2E00B8B54F /* HomeScene.cpp in Sources */,
				1AF87B8A1F6F7822007BE51C /* main.m in Sources */,
				8692E09D2A5E9215002B21DD /* NumberObject.cpp in Sources */,
				86EEFFAC2A60FE6A00B1D37F /* RandomNumber.cpp in Sources */,
				8692E0A42A604400002B21DD /* DrawLineObject.cpp in Sources */,
				868A50912A61BBEF00B8B54F /* GuideLinePopUpLayer.cpp in Sources */,
				868A509F2A61F91100B8B54F /* AdmobIOS.m in Sources */,
				DD7CD4B02A73ECEB0022E212 /* GameCenterHelper.m in Sources */,
				DDD7B6D92A6CD9B7006A9ABE /* NativeSystemSound.m in Sources */,
			);
			runOnlyForDeploymentPostprocessing = 0;
		};
/* End PBXSourcesBuildPhase section */

/* Begin PBXTargetDependency section */
		1AC6FB25180E99E1004C840B /* PBXTargetDependency */ = {
			isa = PBXTargetDependency;
			name = "cocos2dx iOS";
			platformFilter = ios;
			targetProxy = 1AC6FB24180E99E1004C840B /* PBXContainerItemProxy */;
		};
/* End PBXTargetDependency section */

/* Begin XCBuildConfiguration section */
		1D6058940D05DD3E006BFB54 /* Debug */ = {
			isa = XCBuildConfiguration;
			buildSettings = {
				ALWAYS_SEARCH_USER_PATHS = YES;
				ASSETCATALOG_COMPILER_APPICON_NAME = AppIcon;
				CLANG_ENABLE_MODULES = YES;
				CLANG_ENABLE_OBJC_WEAK = YES;
				CODE_SIGN_ENTITLEMENTS = CombineNumber.entitlements;
				CODE_SIGN_IDENTITY = "Apple Development";
				CODE_SIGN_STYLE = Automatic;
				COMPRESS_PNG_FILES = NO;
				CURRENT_PROJECT_VERSION = 1;
				DEVELOPMENT_TEAM = 6QDW32DV2Z;
				ENABLE_BITCODE = NO;
				EXCLUDED_ARCHS = arm64;
				GCC_DYNAMIC_NO_PIC = NO;
				GCC_INLINES_ARE_PRIVATE_EXTERN = NO;
				GCC_PRECOMPILE_PREFIX_HEADER = YES;
				GCC_PREFIX_HEADER = ios/Prefix.pch;
				GCC_PREPROCESSOR_DEFINITIONS = (
					USE_FILE32API,
					"COCOS2D_DEBUG=1",
					"CC_ENABLE_CHIPMUNK_INTEGRATION=1",
				);
				GCC_SYMBOLS_PRIVATE_EXTERN = NO;
				HEADER_SEARCH_PATHS = "$(inherited)";
				INFOPLIST_FILE = ios/Info.plist;
				INFOPLIST_KEY_CFBundleDisplayName = "Combine Number";
				INFOPLIST_KEY_LSApplicationCategoryType = "public.app-category.games";
				IPHONEOS_DEPLOYMENT_TARGET = 12.0;
				LD_RUNPATH_SEARCH_PATHS = (
					"$(inherited)",
					"@executable_path/Frameworks",
				);
				LIBRARY_SEARCH_PATHS = "";
				MACOSX_DEPLOYMENT_TARGET = "$(RECOMMENDED_MACOSX_DEPLOYMENT_TARGET)";
				MARKETING_VERSION = 1.0.4;
				ONLY_ACTIVE_ARCH = NO;
				OTHER_LDFLAGS = (
					"$(_COCOS_LIB_IOS_BEGIN)",
					"$(_COCOS_LIB_IOS_END)",
					"-ObjC",
				);
				PRODUCT_BUNDLE_IDENTIFIER = com.boring.combinenumber;
				PRODUCT_NAME = CombineNumber;
				PROVISIONING_PROFILE_SPECIFIER = "";
				SDKROOT = iphoneos;
				STRIP_PNG_TEXT = NO;
				SUPPORTED_PLATFORMS = "iphoneos iphonesimulator";
				SUPPORTS_MACCATALYST = NO;
				SUPPORTS_MAC_DESIGNED_FOR_IPHONE_IPAD = NO;
				SWIFT_OPTIMIZATION_LEVEL = "-Onone";
				SWIFT_VERSION = 5.0;
				TARGETED_DEVICE_FAMILY = 1;
				USER_HEADER_SEARCH_PATHS = (
					"$(_COCOS_HEADER_IOS_BEGIN)",
					"$(_COCOS_HEADER_IOS_END)",
				);
				VALID_ARCHS = "arm64 armv7 x86_64";
			};
			name = Debug;
		};
		1D6058950D05DD3E006BFB54 /* Release */ = {
			isa = XCBuildConfiguration;
			buildSettings = {
				ALWAYS_SEARCH_USER_PATHS = YES;
				ASSETCATALOG_COMPILER_APPICON_NAME = AppIcon;
				CLANG_ENABLE_MODULES = YES;
				CLANG_ENABLE_OBJC_WEAK = YES;
				CODE_SIGN_ENTITLEMENTS = CombineNumber.entitlements;
				CODE_SIGN_IDENTITY = "Apple Development";
				CODE_SIGN_STYLE = Automatic;
				COMPRESS_PNG_FILES = NO;
				CURRENT_PROJECT_VERSION = 1;
				DEVELOPMENT_TEAM = 6QDW32DV2Z;
				ENABLE_BITCODE = NO;
				EXCLUDED_ARCHS = "";
				GCC_INLINES_ARE_PRIVATE_EXTERN = NO;
				GCC_PRECOMPILE_PREFIX_HEADER = YES;
				GCC_PREFIX_HEADER = ios/Prefix.pch;
				GCC_PREPROCESSOR_DEFINITIONS = (
					USE_FILE32API,
					"CC_ENABLE_CHIPMUNK_INTEGRATION=1",
					NDEBUG,
				);
				GCC_SYMBOLS_PRIVATE_EXTERN = NO;
				HEADER_SEARCH_PATHS = "$(inherited)";
				INFOPLIST_FILE = ios/Info.plist;
				INFOPLIST_KEY_CFBundleDisplayName = "Combine Number";
				INFOPLIST_KEY_LSApplicationCategoryType = "public.app-category.games";
				IPHONEOS_DEPLOYMENT_TARGET = 12.0;
				LD_RUNPATH_SEARCH_PATHS = (
					"$(inherited)",
					"@executable_path/Frameworks",
				);
				LIBRARY_SEARCH_PATHS = "";
				MACOSX_DEPLOYMENT_TARGET = "$(RECOMMENDED_MACOSX_DEPLOYMENT_TARGET)";
				MARKETING_VERSION = 1.0.4;
				ONLY_ACTIVE_ARCH = NO;
				OTHER_LDFLAGS = (
					"$(_COCOS_LIB_IOS_BEGIN)",
					"$(_COCOS_LIB_IOS_END)",
					"-ObjC",
				);
				PRODUCT_BUNDLE_IDENTIFIER = com.boring.combinenumber;
				PRODUCT_NAME = CombineNumber;
				PROVISIONING_PROFILE_SPECIFIER = "";
				SDKROOT = iphoneos;
				STRIP_PNG_TEXT = NO;
				SUPPORTED_PLATFORMS = "iphoneos iphonesimulator";
				SUPPORTS_MACCATALYST = NO;
				SUPPORTS_MAC_DESIGNED_FOR_IPHONE_IPAD = NO;
				SWIFT_VERSION = 5.0;
				TARGETED_DEVICE_FAMILY = 1;
				USER_HEADER_SEARCH_PATHS = (
					"$(_COCOS_HEADER_IOS_BEGIN)",
					"$(_COCOS_HEADER_IOS_END)",
				);
				VALID_ARCHS = "arm64 armv7 x86_64";
			};
			name = Release;
		};
		C01FCF4F08A954540054247B /* Debug */ = {
			isa = XCBuildConfiguration;
			buildSettings = {
				CLANG_ANALYZER_LOCALIZABILITY_NONLOCALIZED = YES;
				CLANG_CXX_LANGUAGE_STANDARD = "c++0x";
				CLANG_CXX_LIBRARY = "libc++";
				CLANG_WARN_BLOCK_CAPTURE_AUTORELEASING = YES;
				CLANG_WARN_BOOL_CONVERSION = YES;
				CLANG_WARN_COMMA = YES;
				CLANG_WARN_CONSTANT_CONVERSION = YES;
				CLANG_WARN_DEPRECATED_OBJC_IMPLEMENTATIONS = YES;
				CLANG_WARN_EMPTY_BODY = YES;
				CLANG_WARN_ENUM_CONVERSION = YES;
				CLANG_WARN_INFINITE_RECURSION = YES;
				CLANG_WARN_INT_CONVERSION = YES;
				CLANG_WARN_NON_LITERAL_NULL_CONVERSION = YES;
				CLANG_WARN_OBJC_IMPLICIT_RETAIN_SELF = YES;
				CLANG_WARN_OBJC_LITERAL_CONVERSION = YES;
				CLANG_WARN_QUOTED_INCLUDE_IN_FRAMEWORK_HEADER = YES;
				CLANG_WARN_RANGE_LOOP_ANALYSIS = YES;
				CLANG_WARN_STRICT_PROTOTYPES = YES;
				CLANG_WARN_SUSPICIOUS_MOVE = YES;
				CLANG_WARN_UNREACHABLE_CODE = YES;
				CLANG_WARN__DUPLICATE_METHOD_MATCH = YES;
				COPY_PHASE_STRIP = NO;
				DEAD_CODE_STRIPPING = YES;
				ENABLE_STRICT_OBJC_MSGSEND = YES;
				ENABLE_TESTABILITY = YES;
				GCC_NO_COMMON_BLOCKS = YES;
				GCC_OPTIMIZATION_LEVEL = 0;
				GCC_WARN_64_TO_32_BIT_CONVERSION = YES;
				GCC_WARN_ABOUT_RETURN_TYPE = YES;
				GCC_WARN_UNDECLARED_SELECTOR = YES;
				GCC_WARN_UNINITIALIZED_AUTOS = YES;
				GCC_WARN_UNUSED_FUNCTION = YES;
				GCC_WARN_UNUSED_VARIABLE = YES;
				HEADER_SEARCH_PATHS = (
					"$(SRCROOT)/../cocos2d",
					"$(SRCROOT)/../cocos2d/cocos/audio/include",
					"$(SRCROOT)/../cocos2d/cocos",
					"$(SRCROOT)/../cocos2d/extensions",
					"$(SRCROOT)/../cocos2d/external",
					"$(SRCROOT)/../cocos2d/external/chipmunk/include/chipmunk",
					"$(SRCROOT)/../cocos2d/cocos/editor-support",
				);
				IPHONEOS_DEPLOYMENT_TARGET = 16.2;
				MACOSX_DEPLOYMENT_TARGET = 10.7;
				ONLY_ACTIVE_ARCH = YES;
				PRODUCT_NAME = "$(TARGET_NAME)";
				SDKROOT = macosx;
			};
			name = Debug;
		};
		C01FCF5008A954540054247B /* Release */ = {
			isa = XCBuildConfiguration;
			buildSettings = {
				CLANG_ANALYZER_LOCALIZABILITY_NONLOCALIZED = YES;
				CLANG_CXX_LANGUAGE_STANDARD = "c++0x";
				CLANG_CXX_LIBRARY = "libc++";
				CLANG_WARN_BLOCK_CAPTURE_AUTORELEASING = YES;
				CLANG_WARN_BOOL_CONVERSION = YES;
				CLANG_WARN_COMMA = YES;
				CLANG_WARN_CONSTANT_CONVERSION = YES;
				CLANG_WARN_DEPRECATED_OBJC_IMPLEMENTATIONS = YES;
				CLANG_WARN_EMPTY_BODY = YES;
				CLANG_WARN_ENUM_CONVERSION = YES;
				CLANG_WARN_INFINITE_RECURSION = YES;
				CLANG_WARN_INT_CONVERSION = YES;
				CLANG_WARN_NON_LITERAL_NULL_CONVERSION = YES;
				CLANG_WARN_OBJC_IMPLICIT_RETAIN_SELF = YES;
				CLANG_WARN_OBJC_LITERAL_CONVERSION = YES;
				CLANG_WARN_QUOTED_INCLUDE_IN_FRAMEWORK_HEADER = YES;
				CLANG_WARN_RANGE_LOOP_ANALYSIS = YES;
				CLANG_WARN_STRICT_PROTOTYPES = YES;
				CLANG_WARN_SUSPICIOUS_MOVE = YES;
				CLANG_WARN_UNREACHABLE_CODE = YES;
				CLANG_WARN__DUPLICATE_METHOD_MATCH = YES;
				DEAD_CODE_STRIPPING = YES;
				ENABLE_STRICT_OBJC_MSGSEND = YES;
				GCC_NO_COMMON_BLOCKS = YES;
				GCC_WARN_64_TO_32_BIT_CONVERSION = YES;
				GCC_WARN_ABOUT_RETURN_TYPE = YES;
				GCC_WARN_UNDECLARED_SELECTOR = YES;
				GCC_WARN_UNINITIALIZED_AUTOS = YES;
				GCC_WARN_UNUSED_FUNCTION = YES;
				GCC_WARN_UNUSED_VARIABLE = YES;
				HEADER_SEARCH_PATHS = (
					"$(SRCROOT)/../cocos2d",
					"$(SRCROOT)/../cocos2d/cocos/audio/include",
					"$(SRCROOT)/../cocos2d/cocos",
					"$(SRCROOT)/../cocos2d/extensions",
					"$(SRCROOT)/../cocos2d/external",
					"$(SRCROOT)/../cocos2d/external/chipmunk/include/chipmunk",
					"$(SRCROOT)/../cocos2d/cocos/editor-support",
				);
				IPHONEOS_DEPLOYMENT_TARGET = 16.2;
				MACOSX_DEPLOYMENT_TARGET = 10.7;
				OTHER_CFLAGS = "-DNS_BLOCK_ASSERTIONS=1";
				PRODUCT_NAME = "$(TARGET_NAME)";
				SDKROOT = macosx;
				VALIDATE_PRODUCT = YES;
			};
			name = Release;
		};
/* End XCBuildConfiguration section */

/* Begin XCConfigurationList section */
		1D6058960D05DD3E006BFB54 /* Build configuration list for PBXNativeTarget "CombineNumber" */ = {
			isa = XCConfigurationList;
			buildConfigurations = (
				1D6058940D05DD3E006BFB54 /* Debug */,
				1D6058950D05DD3E006BFB54 /* Release */,
			);
			defaultConfigurationIsVisible = 0;
			defaultConfigurationName = Debug;
		};
		C01FCF4E08A954540054247B /* Build configuration list for PBXProject "CombineNumber" */ = {
			isa = XCConfigurationList;
			buildConfigurations = (
				C01FCF4F08A954540054247B /* Debug */,
				C01FCF5008A954540054247B /* Release */,
			);
			defaultConfigurationIsVisible = 0;
			defaultConfigurationName = Debug;
		};
/* End XCConfigurationList section */
	};
	rootObject = 29B97313FDCFA39411CA2CEA /* Project object */;
}
